{
  "version": 4,
  "terraform_version": "1.13.4",
  "serial": 13,
  "lineage": "efdf0716-2654-9aea-e31b-fe89ba75a01e",
  "outputs": {},
  "resources": [
    {
      "mode": "managed",
      "type": "azurerm_resource_group",
      "name": "rg",
      "provider": "provider[\"registry.terraform.io/hashicorp/azurerm\"]",
      "instances": [
        {
          "index_key": "rg1",
          "schema_version": 0,
          "attributes": {
            "id": "/subscriptions/b83d647a-468f-4198-a5d6-44ea2c5c8bf3/resourceGroups/tatafundation-rg",
            "location": "eastus",
            "managed_by": "tatafundation-rg",
            "name": "tatafundation-rg",
            "tags": {},
            "timeouts": null
          },
          "sensitive_attributes": [],
          "identity_schema_version": 0,
          "identity": {
            "name": "tatafundation-rg",
            "subscription_id": "b83d647a-468f-4198-a5d6-44ea2c5c8bf3"
          },
          "private": "eyJlMmJmYjczMC1lY2FhLTExZTYtOGY4OC0zNDM2M2JjN2M0YzAiOnsiY3JlYXRlIjo1NDAwMDAwMDAwMDAwLCJkZWxldGUiOjU0MDAwMDAwMDAwMDAsInJlYWQiOjMwMDAwMDAwMDAwMCwidXBkYXRlIjo1NDAwMDAwMDAwMDAwfX0="
        },
        {
          "index_key": "rg2",
          "schema_version": 0,
          "attributes": {
            "id": "/subscriptions/b83d647a-468f-4198-a5d6-44ea2c5c8bf3/resourceGroups/adani-rg",
            "location": "australiaeast",
            "managed_by": "adani-rg",
            "name": "adani-rg",
            "tags": {},
            "timeouts": null
          },
          "sensitive_attributes": [],
          "identity_schema_version": 0,
          "identity": {
            "name": "adani-rg",
            "subscription_id": "b83d647a-468f-4198-a5d6-44ea2c5c8bf3"
          },
          "private": "eyJlMmJmYjczMC1lY2FhLTExZTYtOGY4OC0zNDM2M2JjN2M0YzAiOnsiY3JlYXRlIjo1NDAwMDAwMDAwMDAwLCJkZWxldGUiOjU0MDAwMDAwMDAwMDAsInJlYWQiOjMwMDAwMDAwMDAwMCwidXBkYXRlIjo1NDAwMDAwMDAwMDAwfX0="
        },
        {
          "index_key": "rg3",
          "schema_version": 0,
          "attributes": {
            "id": "/subscriptions/b83d647a-468f-4198-a5d6-44ea2c5c8bf3/resourceGroups/birla-rg",
            "location": "uksouth",
            "managed_by": "birla-rg",
            "name": "birla-rg",
            "tags": {},
            "timeouts": null
          },
          "sensitive_attributes": [],
          "identity_schema_version": 0,
          "identity": {
            "name": "birla-rg",
            "subscription_id": "b83d647a-468f-4198-a5d6-44ea2c5c8bf3"
          },
          "private": "eyJlMmJmYjczMC1lY2FhLTExZTYtOGY4OC0zNDM2M2JjN2M0YzAiOnsiY3JlYXRlIjo1NDAwMDAwMDAwMDAwLCJkZWxldGUiOjU0MDAwMDAwMDAwMDAsInJlYWQiOjMwMDAwMDAwMDAwMCwidXBkYXRlIjo1NDAwMDAwMDAwMDAwfX0="
        },
        {
          "index_key": "rg4",
          "schema_version": 0,
          "attributes": {
            "id": "/subscriptions/b83d647a-468f-4198-a5d6-44ea2c5c8bf3/resourceGroups/adityabirla-rg",
            "location": "canadacentral",
            "managed_by": "adityabirla-rg",
            "name": "adityabirla-rg",
            "tags": {},
            "timeouts": null
          },
          "sensitive_attributes": [],
          "identity_schema_version": 0,
          "identity": {
            "name": "adityabirla-rg",
            "subscription_id": "b83d647a-468f-4198-a5d6-44ea2c5c8bf3"
          },
          "private": "eyJlMmJmYjczMC1lY2FhLTExZTYtOGY4OC0zNDM2M2JjN2M0YzAiOnsiY3JlYXRlIjo1NDAwMDAwMDAwMDAwLCJkZWxldGUiOjU0MDAwMDAwMDAwMDAsInJlYWQiOjMwMDAwMDAwMDAwMCwidXBkYXRlIjo1NDAwMDAwMDAwMDAwfX0="
        }
      ]
    }
  ],
  "check_results": null
}
